
Microsoft Visual Studio Solution File, Format Version 12.00
# Visual Studio Version 17
VisualStudioVersion = 17.3.32811.315
MinimumVisualStudioVersion = 10.0.40219.1
Project("{FAE04EC0-301F-11D3-BF4B-00C04F79EFBC}") = "ATM_Pro", "ATM_Pro\ATM_Pro.csproj", "{07331752-8C71-4E24-9766-9FC3162AAEC3}"
EndProject
Global
	GlobalSection(SolutionConfigurationPlatforms) = preSolution
		Debug|Any CPU = Debug|Any CPU
		Release|Any CPU = Release|Any CPU
	EndGlobalSection
	GlobalSection(ProjectConfigurationPlatforms) = postSolution
		{07331752-8C71-4E24-9766-9FC3162AAEC3}.Debug|Any CPU.ActiveCfg = Debug|Any CPU
		{07331752-8C71-4E24-9766-9FC3162AAEC3}.Debug|Any CPU.Build.0 = Debug|Any CPU
		{07331752-8C71-4E24-9766-9FC3162AAEC3}.Release|Any CPU.ActiveCfg = Release|Any CPU
		{07331752-8C71-4E24-9766-9FC3162AAEC3}.Release|Any CPU.Build.0 = Release|Any CPU
	EndGlobalSection
	GlobalSection(SolutionProperties) = preSolution
		HideSolutionNode = FALSE
	EndGlobalSection
	GlobalSection(ExtensibilityGlobals) = postSolution
		SolutionGuid = {3632CDBF-0C09-4DFA-B9B4-52D7FBEBEF08}
	EndGlobalSection
EndGlobal
